
Microsoft Visual Studio Solution File, Format Version 12.00
# Visual Studio Version 17
VisualStudioVersion = 17.10.35027.167
MinimumVisualStudioVersion = 10.0.40219.1
Project("{2150E333-8FDC-42A3-9474-1A3956D46DE8}") = "HomeWork1", "HomeWork1", "{62C663C9-0DF8-409B-89A6-66D2BD01C46F}"
EndProject
Project("{9A19103F-16F7-4668-BE54-9A1E7A4F7556}") = "MyStack", "HomeWork1\MyStack\MyStack.csproj", "{BEE9A66D-DD45-4A5E-9B40-903E60AC7A74}"
EndProject
Project("{2150E333-8FDC-42A3-9474-1A3956D46DE8}") = "HomeWork2", "HomeWork2", "{B9D0543F-440D-4F50-B5F1-21A419B7F759}"
EndProject
Project("{9A19103F-16F7-4668-BE54-9A1E7A4F7556}") = "Task1", "HomeWork2\Task1\Task1.csproj", "{D7FD8E68-46D3-40DA-9123-4899A48264F4}"
EndProject
Project("{9A19103F-16F7-4668-BE54-9A1E7A4F7556}") = "Task2", "HomeWork2\Task2\Task2.csproj", "{F4B0511B-1919-4649-A75A-CD8FDA6DF7C1}"
EndProject
Project("{9A19103F-16F7-4668-BE54-9A1E7A4F7556}") = "Task3", "HomeWork2\Task3\Task3.csproj", "{845EB50F-6032-424B-8D0C-7587E148832F}"
EndProject
Project("{9A19103F-16F7-4668-BE54-9A1E7A4F7556}") = "Task4", "HomeWork2\Task4\Task4.csproj", "{1A190DC5-F81F-462E-A52F-97079C59B755}"
EndProject
Project("{9A19103F-16F7-4668-BE54-9A1E7A4F7556}") = "Task5", "HomeWork2\Task5\Task5.csproj", "{4C7B2E2E-8714-45BB-9DB6-3770B9A9D840}"
EndProject
Project("{9A19103F-16F7-4668-BE54-9A1E7A4F7556}") = "Task6", "HomeWork2\Task6\Task6.csproj", "{0A7E6952-AD75-4EC8-9229-29994D624ADD}"
EndProject
Project("{9A19103F-16F7-4668-BE54-9A1E7A4F7556}") = "Task7", "HomeWork2\Task7\Task7.csproj", "{75863583-8603-4216-866D-013D551DC1C1}"
EndProject
Project("{9A19103F-16F7-4668-BE54-9A1E7A4F7556}") = "Task8", "HomeWork2\Task8\Task8.csproj", "{244D17E8-CD61-478B-9FC6-9BF9163A2FAC}"
EndProject
Project("{2150E333-8FDC-42A3-9474-1A3956D46DE8}") = "LMS", "LMS", "{765DFC52-8CEB-4CFC-A89C-887294165767}"
EndProject
Project("{2150E333-8FDC-42A3-9474-1A3956D46DE8}") = "HomeWork3", "HomeWork3", "{8EEC9B11-7426-4A97-8206-EC8EA6B7DAD2}"
EndProject
Project("{FAE04EC0-301F-11D3-BF4B-00C04F79EFBC}") = "Pagination", "HomeWork3\Pagination\Pagination.csproj", "{CE3F4BA6-F607-4A94-8882-592EAD3B7E7B}"
EndProject
Project("{FAE04EC0-301F-11D3-BF4B-00C04F79EFBC}") = "ConsoleApp3", "..\ConsoleApp3\ConsoleApp3\ConsoleApp3.csproj", "{F62E3649-0226-4D9F-A626-D0A8799EDD05}"
EndProject
Global
	GlobalSection(SolutionConfigurationPlatforms) = preSolution
		Debug|Any CPU = Debug|Any CPU
		Release|Any CPU = Release|Any CPU
	EndGlobalSection
	GlobalSection(ProjectConfigurationPlatforms) = postSolution
		{BEE9A66D-DD45-4A5E-9B40-903E60AC7A74}.Debug|Any CPU.ActiveCfg = Debug|Any CPU
		{BEE9A66D-DD45-4A5E-9B40-903E60AC7A74}.Debug|Any CPU.Build.0 = Debug|Any CPU
		{BEE9A66D-DD45-4A5E-9B40-903E60AC7A74}.Release|Any CPU.ActiveCfg = Release|Any CPU
		{BEE9A66D-DD45-4A5E-9B40-903E60AC7A74}.Release|Any CPU.Build.0 = Release|Any CPU
		{D7FD8E68-46D3-40DA-9123-4899A48264F4}.Debug|Any CPU.ActiveCfg = Debug|Any CPU
		{D7FD8E68-46D3-40DA-9123-4899A48264F4}.Debug|Any CPU.Build.0 = Debug|Any CPU
		{D7FD8E68-46D3-40DA-9123-4899A48264F4}.Release|Any CPU.ActiveCfg = Release|Any CPU
		{D7FD8E68-46D3-40DA-9123-4899A48264F4}.Release|Any CPU.Build.0 = Release|Any CPU
		{F4B0511B-1919-4649-A75A-CD8FDA6DF7C1}.Debug|Any CPU.ActiveCfg = Debug|Any CPU
		{F4B0511B-1919-4649-A75A-CD8FDA6DF7C1}.Debug|Any CPU.Build.0 = Debug|Any CPU
		{F4B0511B-1919-4649-A75A-CD8FDA6DF7C1}.Release|Any CPU.ActiveCfg = Release|Any CPU
		{F4B0511B-1919-4649-A75A-CD8FDA6DF7C1}.Release|Any CPU.Build.0 = Release|Any CPU
		{845EB50F-6032-424B-8D0C-7587E148832F}.Debug|Any CPU.ActiveCfg = Debug|Any CPU
		{845EB50F-6032-424B-8D0C-7587E148832F}.Debug|Any CPU.Build.0 = Debug|Any CPU
		{845EB50F-6032-424B-8D0C-7587E148832F}.Release|Any CPU.ActiveCfg = Release|Any CPU
		{845EB50F-6032-424B-8D0C-7587E148832F}.Release|Any CPU.Build.0 = Release|Any CPU
		{1A190DC5-F81F-462E-A52F-97079C59B755}.Debug|Any CPU.ActiveCfg = Debug|Any CPU
		{1A190DC5-F81F-462E-A52F-97079C59B755}.Debug|Any CPU.Build.0 = Debug|Any CPU
		{1A190DC5-F81F-462E-A52F-97079C59B755}.Release|Any CPU.ActiveCfg = Release|Any CPU
		{1A190DC5-F81F-462E-A52F-97079C59B755}.Release|Any CPU.Build.0 = Release|Any CPU
		{4C7B2E2E-8714-45BB-9DB6-3770B9A9D840}.Debug|Any CPU.ActiveCfg = Debug|Any CPU
		{4C7B2E2E-8714-45BB-9DB6-3770B9A9D840}.Debug|Any CPU.Build.0 = Debug|Any CPU
		{4C7B2E2E-8714-45BB-9DB6-3770B9A9D840}.Release|Any CPU.ActiveCfg = Release|Any CPU
		{4C7B2E2E-8714-45BB-9DB6-3770B9A9D840}.Release|Any CPU.Build.0 = Release|Any CPU
		{0A7E6952-AD75-4EC8-9229-29994D624ADD}.Debug|Any CPU.ActiveCfg = Debug|Any CPU
		{0A7E6952-AD75-4EC8-9229-29994D624ADD}.Debug|Any CPU.Build.0 = Debug|Any CPU
		{0A7E6952-AD75-4EC8-9229-29994D624ADD}.Release|Any CPU.ActiveCfg = Release|Any CPU
		{0A7E6952-AD75-4EC8-9229-29994D624ADD}.Release|Any CPU.Build.0 = Release|Any CPU
		{75863583-8603-4216-866D-013D551DC1C1}.Debug|Any CPU.ActiveCfg = Debug|Any CPU
		{75863583-8603-4216-866D-013D551DC1C1}.Debug|Any CPU.Build.0 = Debug|Any CPU
		{75863583-8603-4216-866D-013D551DC1C1}.Release|Any CPU.ActiveCfg = Release|Any CPU
		{75863583-8603-4216-866D-013D551DC1C1}.Release|Any CPU.Build.0 = Release|Any CPU
		{244D17E8-CD61-478B-9FC6-9BF9163A2FAC}.Debug|Any CPU.ActiveCfg = Debug|Any CPU
		{244D17E8-CD61-478B-9FC6-9BF9163A2FAC}.Debug|Any CPU.Build.0 = Debug|Any CPU
		{244D17E8-CD61-478B-9FC6-9BF9163A2FAC}.Release|Any CPU.ActiveCfg = Release|Any CPU
		{244D17E8-CD61-478B-9FC6-9BF9163A2FAC}.Release|Any CPU.Build.0 = Release|Any CPU
		{CE3F4BA6-F607-4A94-8882-592EAD3B7E7B}.Debug|Any CPU.ActiveCfg = Debug|Any CPU
		{CE3F4BA6-F607-4A94-8882-592EAD3B7E7B}.Debug|Any CPU.Build.0 = Debug|Any CPU
		{CE3F4BA6-F607-4A94-8882-592EAD3B7E7B}.Release|Any CPU.ActiveCfg = Release|Any CPU
		{CE3F4BA6-F607-4A94-8882-592EAD3B7E7B}.Release|Any CPU.Build.0 = Release|Any CPU
		{F62E3649-0226-4D9F-A626-D0A8799EDD05}.Debug|Any CPU.ActiveCfg = Debug|Any CPU
		{F62E3649-0226-4D9F-A626-D0A8799EDD05}.Debug|Any CPU.Build.0 = Debug|Any CPU
		{F62E3649-0226-4D9F-A626-D0A8799EDD05}.Release|Any CPU.ActiveCfg = Release|Any CPU
		{F62E3649-0226-4D9F-A626-D0A8799EDD05}.Release|Any CPU.Build.0 = Release|Any CPU
	EndGlobalSection
	GlobalSection(SolutionProperties) = preSolution
		HideSolutionNode = FALSE
	EndGlobalSection
	GlobalSection(NestedProjects) = preSolution
		{BEE9A66D-DD45-4A5E-9B40-903E60AC7A74} = {62C663C9-0DF8-409B-89A6-66D2BD01C46F}
		{D7FD8E68-46D3-40DA-9123-4899A48264F4} = {B9D0543F-440D-4F50-B5F1-21A419B7F759}
		{F4B0511B-1919-4649-A75A-CD8FDA6DF7C1} = {B9D0543F-440D-4F50-B5F1-21A419B7F759}
		{845EB50F-6032-424B-8D0C-7587E148832F} = {B9D0543F-440D-4F50-B5F1-21A419B7F759}
		{1A190DC5-F81F-462E-A52F-97079C59B755} = {B9D0543F-440D-4F50-B5F1-21A419B7F759}
		{4C7B2E2E-8714-45BB-9DB6-3770B9A9D840} = {B9D0543F-440D-4F50-B5F1-21A419B7F759}
		{0A7E6952-AD75-4EC8-9229-29994D624ADD} = {B9D0543F-440D-4F50-B5F1-21A419B7F759}
		{75863583-8603-4216-866D-013D551DC1C1} = {B9D0543F-440D-4F50-B5F1-21A419B7F759}
		{244D17E8-CD61-478B-9FC6-9BF9163A2FAC} = {B9D0543F-440D-4F50-B5F1-21A419B7F759}
		{CE3F4BA6-F607-4A94-8882-592EAD3B7E7B} = {8EEC9B11-7426-4A97-8206-EC8EA6B7DAD2}
	EndGlobalSection
	GlobalSection(ExtensibilityGlobals) = postSolution
		SolutionGuid = {7C5F1CB0-1C5E-43F5-A1C9-112132B16885}
	EndGlobalSection
EndGlobal
